
Microsoft Visual Studio Solution File, Format Version 12.00
# Visual Studio Version 17
VisualStudioVersion = 17.14.36202.13 d17.14
MinimumVisualStudioVersion = 10.0.40219.1
Project("{FAE04EC0-301F-11D3-BF4B-00C04F79EFBC}") = "SapOrderFileProcessor", "SapOrderFileProcessor.csproj", "{A7128D09-9AD3-EF63-18D3-031B1F088355}"
EndProject
Global
	GlobalSection(SolutionConfigurationPlatforms) = preSolution
		Debug|Any CPU = Debug|Any CPU
		Release|Any CPU = Release|Any CPU
	EndGlobalSection
	GlobalSection(ProjectConfigurationPlatforms) = postSolution
		{A7128D09-9AD3-EF63-18D3-031B1F088355}.Debug|Any CPU.ActiveCfg = Debug|Any CPU
		{A7128D09-9AD3-EF63-18D3-031B1F088355}.Debug|Any CPU.Build.0 = Debug|Any CPU
		{A7128D09-9AD3-EF63-18D3-031B1F088355}.Release|Any CPU.ActiveCfg = Release|Any CPU
		{A7128D09-9AD3-EF63-18D3-031B1F088355}.Release|Any CPU.Build.0 = Release|Any CPU
	EndGlobalSection
	GlobalSection(SolutionProperties) = preSolution
		HideSolutionNode = FALSE
	EndGlobalSection
	GlobalSection(ExtensibilityGlobals) = postSolution
		SolutionGuid = {1FFE0B64-4594-4B90-8D4D-3A4335A00CAD}
	EndGlobalSection
EndGlobal
